<Solution>
  <Folder Name="/Adapters/">
    <Project Path="RngHelpdesk.Api/RngHelpdesk.Api.csproj" />
    <Project Path="RngHelpdesk.Api.Tests/RngHelpdesk.Api.Tests.csproj" />
  </Folder>
  <Folder Name="/Applications/">
    <Project Path="RngHelpdesk.DiscordBot/RngHelpdesk.DiscordBot.csproj" Id="f8100c0f-fddc-47b0-a9fb-541d5ccd7735" />
  </Folder>
  <Folder Name="/Core/">
    <Project Path="RngHelpdesk.Contracts/RngHelpdesk.Contracts.csproj" />
    <Project Path="RngHelpdesk.Domain/RngHelpdesk.Domain.csproj" />
    <Project Path="RngHelpdesk.Domain.Tests/RngHelpdesk.Domain.Tests.csproj" />
    <Project Path="RngHelpdesk.Operations/RngHelpdesk.Operations.csproj" />
    <Project Path="RngHelpdesk.Operations.Tests/RngHelpdesk.Operations.Tests.csproj" />
  </Folder>
  <Folder Name="/Infrastructure/">
    <Project Path="RngHelpdesk.Infrastructure/RngHelpdesk.Infrastructure.csproj" Id="d8314984-1cee-432d-968f-95249eb1bd7f" />
    <Project Path="RngHelpdesk.Infrastructure.Tests/RngHelpdesk.Infrastructure.Tests.csproj" />
  </Folder>
  <Folder Name="/Solution Items/">
    <File Path=".gitignore" />
  </Folder>
</Solution>
