<Solution>
  <Folder Name="/Api/">
    <Project Path="RngHelpdesk.Api/RngHelpdesk.Api.csproj" />
  </Folder>
  <Folder Name="/Applications/">
    <Project Path="RngHelpdesk.Website/RngHelpdesk.Website.esproj">
      <Build />
      <Deploy />
    </Project>
  </Folder>
  <Folder Name="/Core/">
    <Project Path="RngHelpdesk.Contracts/RngHelpdesk.Contracts.csproj" />
    <Project Path="RngHelpdesk.Domain/RngHelpdesk.Domain.csproj" />
  </Folder>
  <Folder Name="/Solution Items/">
    <File Path=".gitignore" />
  </Folder>
</Solution>
